
Microsoft Visual Studio Solution File, Format Version 12.00
# Visual Studio Version 17
VisualStudioVersion = 17.9.34701.34
MinimumVisualStudioVersion = 10.0.40219.1
Project("{8BC9CEB8-8B4A-11D0-8D11-00A0C91BC942}") = "Farm", "Farm.vcxproj", "{D21985F2-D75E-49C5-9B68-A1F9D058FB21}"
EndProject
Global
	GlobalSection(SolutionConfigurationPlatforms) = preSolution
		Debug|x64 = Debug|x64
		Debug|x86 = Debug|x86
		Release|x64 = Release|x64
		Release|x86 = Release|x86
	EndGlobalSection
	GlobalSection(ProjectConfigurationPlatforms) = postSolution
		{D21985F2-D75E-49C5-9B68-A1F9D058FB21}.Debug|x64.ActiveCfg = Debug|x64
		{D21985F2-D75E-49C5-9B68-A1F9D058FB21}.Debug|x64.Build.0 = Debug|x64
		{D21985F2-D75E-49C5-9B68-A1F9D058FB21}.Debug|x86.ActiveCfg = Debug|Win32
		{D21985F2-D75E-49C5-9B68-A1F9D058FB21}.Debug|x86.Build.0 = Debug|Win32
		{D21985F2-D75E-49C5-9B68-A1F9D058FB21}.Release|x64.ActiveCfg = Release|x64
		{D21985F2-D75E-49C5-9B68-A1F9D058FB21}.Release|x64.Build.0 = Release|x64
		{D21985F2-D75E-49C5-9B68-A1F9D058FB21}.Release|x86.ActiveCfg = Release|Win32
		{D21985F2-D75E-49C5-9B68-A1F9D058FB21}.Release|x86.Build.0 = Release|Win32
	EndGlobalSection
	GlobalSection(SolutionProperties) = preSolution
		HideSolutionNode = FALSE
	EndGlobalSection
	GlobalSection(ExtensibilityGlobals) = postSolution
		SolutionGuid = {2238ACCF-5DB8-4EAC-8B32-88D7EB4EF2AC}
	EndGlobalSection
EndGlobal
